
Microsoft Visual Studio Solution File, Format Version 12.00
# Visual Studio 15
VisualStudioVersion = 15.0.28307.489
MinimumVisualStudioVersion = 10.0.40219.1
Project("{FAE04EC0-301F-11D3-BF4B-00C04F79EFBC}") = "CalculatorNew", "CalculatorNew\CalculatorNew.csproj", "{CAA8924A-8554-4859-9BC0-EEADD29581FB}"
EndProject
Global
	GlobalSection(SolutionConfigurationPlatforms) = preSolution
		Debug|Any CPU = Debug|Any CPU
		Release|Any CPU = Release|Any CPU
	EndGlobalSection
	GlobalSection(ProjectConfigurationPlatforms) = postSolution
		{CAA8924A-8554-4859-9BC0-EEADD29581FB}.Debug|Any CPU.ActiveCfg = Debug|Any CPU
		{CAA8924A-8554-4859-9BC0-EEADD29581FB}.Debug|Any CPU.Build.0 = Debug|Any CPU
		{CAA8924A-8554-4859-9BC0-EEADD29581FB}.Release|Any CPU.ActiveCfg = Release|Any CPU
		{CAA8924A-8554-4859-9BC0-EEADD29581FB}.Release|Any CPU.Build.0 = Release|Any CPU
	EndGlobalSection
	GlobalSection(SolutionProperties) = preSolution
		HideSolutionNode = FALSE
	EndGlobalSection
	GlobalSection(ExtensibilityGlobals) = postSolution
		SolutionGuid = {7A4AA9D0-AEA6-4892-BB50-87E50B074204}
	EndGlobalSection
EndGlobal
